// !$*UTF8*$!
{
	archiveVersion = 1;
	classes = {
	};
	objectVersion = 46;
	objects = {

/* Begin PBXBuildFile section */
		E9045C9D1DDBE620009B99F2 /* DemoTableViewCell.swift in Sources */ = {isa = PBXBuildFile; fileRef = E9045C9C1DDBE620009B99F2 /* DemoTableViewCell.swift */; };
		E9045C9F1DDBE64E009B99F2 /* DemoTableViewController.swift in Sources */ = {isa = PBXBuildFile; fileRef = E9045C9E1DDBE64E009B99F2 /* DemoTableViewController.swift */; };
		E9045CA11DDBE804009B99F2 /* SaveToAppFolderViewController.swift in Sources */ = {isa = PBXBuildFile; fileRef = E9045CA01DDBE804009B99F2 /* SaveToAppFolderViewController.swift */; };
		E90C82841DDBE3BE00CC5B19 /* AppDelegate.swift in Sources */ = {isa = PBXBuildFile; fileRef = E90C82831DDBE3BE00CC5B19 /* AppDelegate.swift */; };
		E90C82861DDBE3BE00CC5B19 /* ViewController.swift in Sources */ = {isa = PBXBuildFile; fileRef = E90C82851DDBE3BE00CC5B19 /* ViewController.swift */; };
		E90C82891DDBE3BE00CC5B19 /* Main.storyboard in Resources */ = {isa = PBXBuildFile; fileRef = E90C82871DDBE3BE00CC5B19 /* Main.storyboard */; };
		E90C828B1DDBE3BE00CC5B19 /* Assets.xcassets in Resources */ = {isa = PBXBuildFile; fileRef = E90C828A1DDBE3BE00CC5B19 /* Assets.xcassets */; };
		E90C828E1DDBE3BE00CC5B19 /* LaunchScreen.storyboard in Resources */ = {isa = PBXBuildFile; fileRef = E90C828C1DDBE3BE00CC5B19 /* LaunchScreen.storyboard */; };
		E90C82991DDBE3BE00CC5B19 /* HackNTU_demo_file_savingTests.swift in Sources */ = {isa = PBXBuildFile; fileRef = E90C82981DDBE3BE00CC5B19 /* HackNTU_demo_file_savingTests.swift */; };
		E90C82A41DDBE3BE00CC5B19 /* HackNTU_demo_file_savingUITests.swift in Sources */ = {isa = PBXBuildFile; fileRef = E90C82A31DDBE3BE00CC5B19 /* HackNTU_demo_file_savingUITests.swift */; };
/* End PBXBuildFile section */

/* Begin PBXContainerItemProxy section */
		E90C82951DDBE3BE00CC5B19 /* PBXContainerItemProxy */ = {
			isa = PBXContainerItemProxy;
			containerPortal = E90C82781DDBE3BE00CC5B19 /* Project object */;
			proxyType = 1;
			remoteGlobalIDString = E90C827F1DDBE3BE00CC5B19;
			remoteInfo = HackNTU_demo_file_saving;
		};
		E90C82A01DDBE3BE00CC5B19 /* PBXContainerItemProxy */ = {
			isa = PBXContainerItemProxy;
			containerPortal = E90C82781DDBE3BE00CC5B19 /* Project object */;
			proxyType = 1;
			remoteGlobalIDString = E90C827F1DDBE3BE00CC5B19;
			remoteInfo = HackNTU_demo_file_saving;
		};
/* End PBXContainerItemProxy section */

/* Begin PBXFileReference section */
		E9045C9C1DDBE620009B99F2 /* DemoTableViewCell.swift */ = {isa = PBXFileReference; fileEncoding = 4; lastKnownFileType = sourcecode.swift; path = DemoTableViewCell.swift; sourceTree = "<group>"; };
		E9045C9E1DDBE64E009B99F2 /* DemoTableViewController.swift */ = {isa = PBXFileReference; fileEncoding = 4; lastKnownFileType = sourcecode.swift; path = DemoTableViewController.swift; sourceTree = "<group>"; };
		E9045CA01DDBE804009B99F2 /* SaveToAppFolderViewController.swift */ = {isa = PBXFileReference; fileEncoding = 4; lastKnownFileType = sourcecode.swift; path = SaveToAppFolderViewController.swift; sourceTree = "<group>"; };
		E90C82801DDBE3BE00CC5B19 /* HackNTU_demo_file_saving.app */ = {isa = PBXFileReference; explicitFileType = wrapper.application; includeInIndex = 0; path = HackNTU_demo_file_saving.app; sourceTree = BUILT_PRODUCTS_DIR; };
		E90C82831DDBE3BE00CC5B19 /* AppDelegate.swift */ = {isa = PBXFileReference; lastKnownFileType = sourcecode.swift; path = AppDelegate.swift; sourceTree = "<group>"; };
		E90C82851DDBE3BE00CC5B19 /* ViewController.swift */ = {isa = PBXFileReference; lastKnownFileType = sourcecode.swift; path = ViewController.swift; sourceTree = "<group>"; };
		E90C82881DDBE3BE00CC5B19 /* Base */ = {isa = PBXFileReference; lastKnownFileType = file.storyboard; name = Base; path = Base.lproj/Main.storyboard; sourceTree = "<group>"; };
		E90C828A1DDBE3BE00CC5B19 /* Assets.xcassets */ = {isa = PBXFileReference; lastKnownFileType = folder.assetcatalog; path = Assets.xcassets; sourceTree = "<group>"; };
		E90C828D1DDBE3BE00CC5B19 /* Base */ = {isa = PBXFileReference; lastKnownFileType = file.storyboard; name = Base; path = Base.lproj/LaunchScreen.storyboard; sourceTree = "<group>"; };
		E90C828F1DDBE3BE00CC5B19 /* Info.plist */ = {isa = PBXFileReference; lastKnownFileType = text.plist.xml; path = Info.plist; sourceTree = "<group>"; };
		E90C82941DDBE3BE00CC5B19 /* HackNTU_demo_file_savingTests.xctest */ = {isa = PBXFileReference; explicitFileType = wrapper.cfbundle; includeInIndex = 0; path = HackNTU_demo_file_savingTests.xctest; sourceTree = BUILT_PRODUCTS_DIR; };
		E90C82981DDBE3BE00CC5B19 /* HackNTU_demo_file_savingTests.swift */ = {isa = PBXFileReference; lastKnownFileType = sourcecode.swift; path = HackNTU_demo_file_savingTests.swift; sourceTree = "<group>"; };
		E90C829A1DDBE3BE00CC5B19 /* Info.plist */ = {isa = PBXFileReference; lastKnownFileType = text.plist.xml; path = Info.plist; sourceTree = "<group>"; };
		E90C829F1DDBE3BE00CC5B19 /* HackNTU_demo_file_savingUITests.xctest */ = {isa = PBXFileReference; explicitFileType = wrapper.cfbundle; includeInIndex = 0; path = HackNTU_demo_file_savingUITests.xctest; sourceTree = BUILT_PRODUCTS_DIR; };
		E90C82A31DDBE3BE00CC5B19 /* HackNTU_demo_file_savingUITests.swift */ = {isa = PBXFileReference; lastKnownFileType = sourcecode.swift; path = HackNTU_demo_file_savingUITests.swift; sourceTree = "<group>"; };
		E90C82A51DDBE3BE00CC5B19 /* Info.plist */ = {isa = PBXFileReference; lastKnownFileType = text.plist.xml; path = Info.plist; sourceTree = "<group>"; };
/* End PBXFileReference section */

/* Begin PBXFrameworksBuildPhase section */
		E90C827D1DDBE3BE00CC5B19 /* Frameworks */ = {
			isa = PBXFrameworksBuildPhase;
			buildActionMask = 2147483647;
			files = (
			);
			runOnlyForDeploymentPostprocessing = 0;
		};
		E90C82911DDBE3BE00CC5B19 /* Frameworks */ = {
			isa = PBXFrameworksBuildPhase;
			buildActionMask = 2147483647;
			files = (
			);
			runOnlyForDeploymentPostprocessing = 0;
		};
		E90C829C1DDBE3BE00CC5B19 /* Frameworks */ = {
			isa = PBXFrameworksBuildPhase;
			buildActionMask = 2147483647;
			files = (
			);
			runOnlyForDeploymentPostprocessing = 0;
		};
/* End PBXFrameworksBuildPhase section */

/* Begin PBXGroup section */
		E90C82771DDBE3BE00CC5B19 = {
			isa = PBXGroup;
			children = (
				E90C82821DDBE3BE00CC5B19 /* HackNTU_demo_file_saving */,
				E90C82971DDBE3BE00CC5B19 /* HackNTU_demo_file_savingTests */,
				E90C82A21DDBE3BE00CC5B19 /* HackNTU_demo_file_savingUITests */,
				E90C82811DDBE3BE00CC5B19 /* Products */,
			);
			sourceTree = "<group>";
		};
		E90C82811DDBE3BE00CC5B19 /* Products */ = {
			isa = PBXGroup;
			children = (
				E90C82801DDBE3BE00CC5B19 /* HackNTU_demo_file_saving.app */,
				E90C82941DDBE3BE00CC5B19 /* HackNTU_demo_file_savingTests.xctest */,
				E90C829F1DDBE3BE00CC5B19 /* HackNTU_demo_file_savingUITests.xctest */,
			);
			name = Products;
			sourceTree = "<group>";
		};
		E90C82821DDBE3BE00CC5B19 /* HackNTU_demo_file_saving */ = {
			isa = PBXGroup;
			children = (
				E90C82831DDBE3BE00CC5B19 /* AppDelegate.swift */,
				E90C82851DDBE3BE00CC5B19 /* ViewController.swift */,
				E9045C9C1DDBE620009B99F2 /* DemoTableViewCell.swift */,
				E9045C9E1DDBE64E009B99F2 /* DemoTableViewController.swift */,
				E9045CA01DDBE804009B99F2 /* SaveToAppFolderViewController.swift */,
				E90C82871DDBE3BE00CC5B19 /* Main.storyboard */,
				E90C828A1DDBE3BE00CC5B19 /* Assets.xcassets */,
				E90C828C1DDBE3BE00CC5B19 /* LaunchScreen.storyboard */,
				E90C828F1DDBE3BE00CC5B19 /* Info.plist */,
			);
			path = HackNTU_demo_file_saving;
			sourceTree = "<group>";
		};
		E90C82971DDBE3BE00CC5B19 /* HackNTU_demo_file_savingTests */ = {
			isa = PBXGroup;
			children = (
				E90C82981DDBE3BE00CC5B19 /* HackNTU_demo_file_savingTests.swift */,
				E90C829A1DDBE3BE00CC5B19 /* Info.plist */,
			);
			path = HackNTU_demo_file_savingTests;
			sourceTree = "<group>";
		};
		E90C82A21DDBE3BE00CC5B19 /* HackNTU_demo_file_savingUITests */ = {
			isa = PBXGroup;
			children = (
				E90C82A31DDBE3BE00CC5B19 /* HackNTU_demo_file_savingUITests.swift */,
				E90C82A51DDBE3BE00CC5B19 /* Info.plist */,
			);
			path = HackNTU_demo_file_savingUITests;
			sourceTree = "<group>";
		};
/* End PBXGroup section */

/* Begin PBXNativeTarget section */
		E90C827F1DDBE3BE00CC5B19 /* HackNTU_demo_file_saving */ = {
			isa = PBXNativeTarget;
			buildConfigurationList = E90C82A81DDBE3BE00CC5B19 /* Build configuration list for PBXNativeTarget "HackNTU_demo_file_saving" */;
			buildPhases = (
				E90C827C1DDBE3BE00CC5B19 /* Sources */,
				E90C827D1DDBE3BE00CC5B19 /* Frameworks */,
				E90C827E1DDBE3BE00CC5B19 /* Resources */,
			);
			buildRules = (
			);
			dependencies = (
			);
			name = HackNTU_demo_file_saving;
			productName = HackNTU_demo_file_saving;
			productReference = E90C82801DDBE3BE00CC5B19 /* HackNTU_demo_file_saving.app */;
			productType = "com.apple.product-type.application";
		};
		E90C82931DDBE3BE00CC5B19 /* HackNTU_demo_file_savingTests */ = {
			isa = PBXNativeTarget;
			buildConfigurationList = E90C82AB1DDBE3BE00CC5B19 /* Build configuration list for PBXNativeTarget "HackNTU_demo_file_savingTests" */;
			buildPhases = (
				E90C82901DDBE3BE00CC5B19 /* Sources */,
				E90C82911DDBE3BE00CC5B19 /* Frameworks */,
				E90C82921DDBE3BE00CC5B19 /* Resources */,
			);
			buildRules = (
			);
			dependencies = (
				E90C82961DDBE3BE00CC5B19 /* PBXTargetDependency */,
			);
			name = HackNTU_demo_file_savingTests;
			productName = HackNTU_demo_file_savingTests;
			productReference = E90C82941DDBE3BE00CC5B19 /* HackNTU_demo_file_savingTests.xctest */;
			productType = "com.apple.product-type.bundle.unit-test";
		};
		E90C829E1DDBE3BE00CC5B19 /* HackNTU_demo_file_savingUITests */ = {
			isa = PBXNativeTarget;
			buildConfigurationList = E90C82AE1DDBE3BE00CC5B19 /* Build configuration list for PBXNativeTarget "HackNTU_demo_file_savingUITests" */;
			buildPhases = (
				E90C829B1DDBE3BE00CC5B19 /* Sources */,
				E90C829C1DDBE3BE00CC5B19 /* Frameworks */,
				E90C829D1DDBE3BE00CC5B19 /* Resources */,
			);
			buildRules = (
			);
			dependencies = (
				E90C82A11DDBE3BE00CC5B19 /* PBXTargetDependency */,
			);
			name = HackNTU_demo_file_savingUITests;
			productName = HackNTU_demo_file_savingUITests;
			productReference = E90C829F1DDBE3BE00CC5B19 /* HackNTU_demo_file_savingUITests.xctest */;
			productType = "com.apple.product-type.bundle.ui-testing";
		};
/* End PBXNativeTarget section */

/* Begin PBXProject section */
		E90C82781DDBE3BE00CC5B19 /* Project object */ = {
			isa = PBXProject;
			attributes = {
				LastSwiftUpdateCheck = 0800;
				LastUpgradeCheck = 0800;
				ORGANIZATIONNAME = Appar;
				TargetAttributes = {
					E90C827F1DDBE3BE00CC5B19 = {
						CreatedOnToolsVersion = 8.0;
						DevelopmentTeam = 22PA9WA89Q;
						ProvisioningStyle = Automatic;
					};
					E90C82931DDBE3BE00CC5B19 = {
						CreatedOnToolsVersion = 8.0;
						DevelopmentTeam = 22PA9WA89Q;
						ProvisioningStyle = Automatic;
						TestTargetID = E90C827F1DDBE3BE00CC5B19;
					};
					E90C829E1DDBE3BE00CC5B19 = {
						CreatedOnToolsVersion = 8.0;
						DevelopmentTeam = 22PA9WA89Q;
						ProvisioningStyle = Automatic;
						TestTargetID = E90C827F1DDBE3BE00CC5B19;
					};
				};
			};
			buildConfigurationList = E90C827B1DDBE3BE00CC5B19 /* Build configuration list for PBXProject "HackNTU_demo_file_saving" */;
			compatibilityVersion = "Xcode 3.2";
			developmentRegion = English;
			hasScannedForEncodings = 0;
			knownRegions = (
				en,
				Base,
			);
			mainGroup = E90C82771DDBE3BE00CC5B19;
			productRefGroup = E90C82811DDBE3BE00CC5B19 /* Products */;
			projectDirPath = "";
			projectRoot = "";
			targets = (
				E90C827F1DDBE3BE00CC5B19 /* HackNTU_demo_file_saving */,
				E90C82931DDBE3BE00CC5B19 /* HackNTU_demo_file_savingTests */,
				E90C829E1DDBE3BE00CC5B19 /* HackNTU_demo_file_savingUITests */,
			);
		};
/* End PBXProject section */

/* Begin PBXResourcesBuildPhase section */
		E90C827E1DDBE3BE00CC5B19 /* Resources */ = {
			isa = PBXResourcesBuildPhase;
			buildActionMask = 2147483647;
			files = (
				E90C828E1DDBE3BE00CC5B19 /* LaunchScreen.storyboard in Resources */,
				E90C828B1DDBE3BE00CC5B19 /* Assets.xcassets in Resources */,
				E90C82891DDBE3BE00CC5B19 /* Main.storyboard in Resources */,
			);
			runOnlyForDeploymentPostprocessing = 0;
		};
		E90C82921DDBE3BE00CC5B19 /* Resources */ = {
			isa = PBXResourcesBuildPhase;
			buildActionMask = 2147483647;
			files = (
			);
			runOnlyForDeploymentPostprocessing = 0;
		};
		E90C829D1DDBE3BE00CC5B19 /* Resources */ = {
			isa = PBXResourcesBuildPhase;
			buildActionMask = 2147483647;
			files = (
			);
			runOnlyForDeploymentPostprocessing = 0;
		};
/* End PBXResourcesBuildPhase section */

/* Begin PBXSourcesBuildPhase section */
		E90C827C1DDBE3BE00CC5B19 /* Sources */ = {
			isa = PBXSourcesBuildPhase;
			buildActionMask = 2147483647;
			files = (
				E9045C9F1DDBE64E009B99F2 /* DemoTableViewController.swift in Sources */,
				E9045C9D1DDBE620009B99F2 /* DemoTableViewCell.swift in Sources */,
				E90C82861DDBE3BE00CC5B19 /* ViewController.swift in Sources */,
				E90C82841DDBE3BE00CC5B19 /* AppDelegate.swift in Sources */,
				E9045CA11DDBE804009B99F2 /* SaveToAppFolderViewController.swift in Sources */,
			);
			runOnlyForDeploymentPostprocessing = 0;
		};
		E90C82901DDBE3BE00CC5B19 /* Sources */ = {
			isa = PBXSourcesBuildPhase;
			buildActionMask = 2147483647;
			files = (
				E90C82991DDBE3BE00CC5B19 /* HackNTU_demo_file_savingTests.swift in Sources */,
			);
			runOnlyForDeploymentPostprocessing = 0;
		};
		E90C829B1DDBE3BE00CC5B19 /* Sources */ = {
			isa = PBXSourcesBuildPhase;
			buildActionMask = 2147483647;
			files = (
				E90C82A41DDBE3BE00CC5B19 /* HackNTU_demo_file_savingUITests.swift in Sources */,
			);
			runOnlyForDeploymentPostprocessing = 0;
		};
/* End PBXSourcesBuildPhase section */

/* Begin PBXTargetDependency section */
		E90C82961DDBE3BE00CC5B19 /* PBXTargetDependency */ = {
			isa = PBXTargetDependency;
			target = E90C827F1DDBE3BE00CC5B19 /* HackNTU_demo_file_saving */;
			targetProxy = E90C82951DDBE3BE00CC5B19 /* PBXContainerItemProxy */;
		};
		E90C82A11DDBE3BE00CC5B19 /* PBXTargetDependency */ = {
			isa = PBXTargetDependency;
			target = E90C827F1DDBE3BE00CC5B19 /* HackNTU_demo_file_saving */;
			targetProxy = E90C82A01DDBE3BE00CC5B19 /* PBXContainerItemProxy */;
		};
/* End PBXTargetDependency section */

/* Begin PBXVariantGroup section */
		E90C82871DDBE3BE00CC5B19 /* Main.storyboard */ = {
			isa = PBXVariantGroup;
			children = (
				E90C82881DDBE3BE00CC5B19 /* Base */,
			);
			name = Main.storyboard;
			sourceTree = "<group>";
		};
		E90C828C1DDBE3BE00CC5B19 /* LaunchScreen.storyboard */ = {
			isa = PBXVariantGroup;
			children = (
				E90C828D1DDBE3BE00CC5B19 /* Base */,
			);
			name = LaunchScreen.storyboard;
			sourceTree = "<group>";
		};
/* End PBXVariantGroup section */

/* Begin XCBuildConfiguration section */
		E90C82A61DDBE3BE00CC5B19 /* Debug */ = {
			isa = XCBuildConfiguration;
			buildSettings = {
				ALWAYS_SEARCH_USER_PATHS = NO;
				CLANG_ANALYZER_NONNULL = YES;
				CLANG_CXX_LANGUAGE_STANDARD = "gnu++0x";
				CLANG_CXX_LIBRARY = "libc++";
				CLANG_ENABLE_MODULES = YES;
				CLANG_ENABLE_OBJC_ARC = YES;
				CLANG_WARN_BOOL_CONVERSION = YES;
				CLANG_WARN_CONSTANT_CONVERSION = YES;
				CLANG_WARN_DIRECT_OBJC_ISA_USAGE = YES_ERROR;
				CLANG_WARN_DOCUMENTATION_COMMENTS = YES;
				CLANG_WARN_EMPTY_BODY = YES;
				CLANG_WARN_ENUM_CONVERSION = YES;
				CLANG_WARN_INFINITE_RECURSION = YES;
				CLANG_WARN_INT_CONVERSION = YES;
				CLANG_WARN_OBJC_ROOT_CLASS = YES_ERROR;
				CLANG_WARN_SUSPICIOUS_MOVES = YES;
				CLANG_WARN_UNREACHABLE_CODE = YES;
				CLANG_WARN__DUPLICATE_METHOD_MATCH = YES;
				"CODE_SIGN_IDENTITY[sdk=iphoneos*]" = "iPhone Developer";
				COPY_PHASE_STRIP = NO;
				DEBUG_INFORMATION_FORMAT = dwarf;
				ENABLE_STRICT_OBJC_MSGSEND = YES;
				ENABLE_TESTABILITY = YES;
				GCC_C_LANGUAGE_STANDARD = gnu99;
				GCC_DYNAMIC_NO_PIC = NO;
				GCC_NO_COMMON_BLOCKS = YES;
				GCC_OPTIMIZATION_LEVEL = 0;
				GCC_PREPROCESSOR_DEFINITIONS = (
					"DEBUG=1",
					"$(inherited)",
				);
				GCC_WARN_64_TO_32_BIT_CONVERSION = YES;
				GCC_WARN_ABOUT_RETURN_TYPE = YES_ERROR;
				GCC_WARN_UNDECLARED_SELECTOR = YES;
				GCC_WARN_UNINITIALIZED_AUTOS = YES_AGGRESSIVE;
				GCC_WARN_UNUSED_FUNCTION = YES;
				GCC_WARN_UNUSED_VARIABLE = YES;
				IPHONEOS_DEPLOYMENT_TARGET = 10.0;
				MTL_ENABLE_DEBUG_INFO = YES;
				ONLY_ACTIVE_ARCH = YES;
				SDKROOT = iphoneos;
				SWIFT_ACTIVE_COMPILATION_CONDITIONS = DEBUG;
				SWIFT_OPTIMIZATION_LEVEL = "-Onone";
				TARGETED_DEVICE_FAMILY = "1,2";
			};
			name = Debug;
		};
		E90C82A71DDBE3BE00CC5B19 /* Release */ = {
			isa = XCBuildConfiguration;
			buildSettings = {
				ALWAYS_SEARCH_USER_PATHS = NO;
				CLANG_ANALYZER_NONNULL = YES;
				CLANG_CXX_LANGUAGE_STANDARD = "gnu++0x";
				CLANG_CXX_LIBRARY = "libc++";
				CLANG_ENABLE_MODULES = YES;
				CLANG_ENABLE_OBJC_ARC = YES;
				CLANG_WARN_BOOL_CONVERSION = YES;
				CLANG_WARN_CONSTANT_CONVERSION = YES;
				CLANG_WARN_DIRECT_OBJC_ISA_USAGE = YES_ERROR;
				CLANG_WARN_DOCUMENTATION_COMMENTS = YES;
				CLANG_WARN_EMPTY_BODY = YES;
				CLANG_WARN_ENUM_CONVERSION = YES;
				CLANG_WARN_INFINITE_RECURSION = YES;
				CLANG_WARN_INT_CONVERSION = YES;
				CLANG_WARN_OBJC_ROOT_CLASS = YES_ERROR;
				CLANG_WARN_SUSPICIOUS_MOVES = YES;
				CLANG_WARN_UNREACHABLE_CODE = YES;
				CLANG_WARN__DUPLICATE_METHOD_MATCH = YES;
				"CODE_SIGN_IDENTITY[sdk=iphoneos*]" = "iPhone Developer";
				COPY_PHASE_STRIP = NO;
				DEBUG_INFORMATION_FORMAT = "dwarf-with-dsym";
				ENABLE_NS_ASSERTIONS = NO;
				ENABLE_STRICT_OBJC_MSGSEND = YES;
				GCC_C_LANGUAGE_STANDARD = gnu99;
				GCC_NO_COMMON_BLOCKS = YES;
				GCC_WARN_64_TO_32_BIT_CONVERSION = YES;
				GCC_WARN_ABOUT_RETURN_TYPE = YES_ERROR;
				GCC_WARN_UNDECLARED_SELECTOR = YES;
				GCC_WARN_UNINITIALIZED_AUTOS = YES_AGGRESSIVE;
				GCC_WARN_UNUSED_FUNCTION = YES;
				GCC_WARN_UNUSED_VARIABLE = YES;
				IPHONEOS_DEPLOYMENT_TARGET = 10.0;
				MTL_ENABLE_DEBUG_INFO = NO;
				SDKROOT = iphoneos;
				SWIFT_OPTIMIZATION_LEVEL = "-Owholemodule";
				TARGETED_DEVICE_FAMILY = "1,2";
				VALIDATE_PRODUCT = YES;
			};
			name = Release;
		};
		E90C82A91DDBE3BE00CC5B19 /* Debug */ = {
			isa = XCBuildConfiguration;
			buildSettings = {
				ASSETCATALOG_COMPILER_APPICON_NAME = AppIcon;
				DEVELOPMENT_TEAM = 22PA9WA89Q;
				INFOPLIST_FILE = HackNTU_demo_file_saving/Info.plist;
				LD_RUNPATH_SEARCH_PATHS = "$(inherited) @executable_path/Frameworks";
				PRODUCT_BUNDLE_IDENTIFIER = "Appar.HackNTU-demo-file-saving";
				PRODUCT_NAME = "$(TARGET_NAME)";
				SWIFT_VERSION = 3.0;
			};
			name = Debug;
		};
		E90C82AA1DDBE3BE00CC5B19 /* Release */ = {
			isa = XCBuildConfiguration;
			buildSettings = {
				ASSETCATALOG_COMPILER_APPICON_NAME = AppIcon;
				DEVELOPMENT_TEAM = 22PA9WA89Q;
				INFOPLIST_FILE = HackNTU_demo_file_saving/Info.plist;
				LD_RUNPATH_SEARCH_PATHS = "$(inherited) @executable_path/Frameworks";
				PRODUCT_BUNDLE_IDENTIFIER = "Appar.HackNTU-demo-file-saving";
				PRODUCT_NAME = "$(TARGET_NAME)";
				SWIFT_VERSION = 3.0;
			};
			name = Release;
		};
		E90C82AC1DDBE3BE00CC5B19 /* Debug */ = {
			isa = XCBuildConfiguration;
			buildSettings = {
				ALWAYS_EMBED_SWIFT_STANDARD_LIBRARIES = YES;
				BUNDLE_LOADER = "$(TEST_HOST)";
				DEVELOPMENT_TEAM = 22PA9WA89Q;
				INFOPLIST_FILE = HackNTU_demo_file_savingTests/Info.plist;
				LD_RUNPATH_SEARCH_PATHS = "$(inherited) @executable_path/Frameworks @loader_path/Frameworks";
				PRODUCT_BUNDLE_IDENTIFIER = "Appar.HackNTU-demo-file-savingTests";
				PRODUCT_NAME = "$(TARGET_NAME)";
				SWIFT_VERSION = 3.0;
				TEST_HOST = "$(BUILT_PRODUCTS_DIR)/HackNTU_demo_file_saving.app/HackNTU_demo_file_saving";
			};
			name = Debug;
		};
		E90C82AD1DDBE3BE00CC5B19 /* Release */ = {
			isa = XCBuildConfiguration;
			buildSettings = {
				ALWAYS_EMBED_SWIFT_STANDARD_LIBRARIES = YES;
				BUNDLE_LOADER = "$(TEST_HOST)";
				DEVELOPMENT_TEAM = 22PA9WA89Q;
				INFOPLIST_FILE = HackNTU_demo_file_savingTests/Info.plist;
				LD_RUNPATH_SEARCH_PATHS = "$(inherited) @executable_path/Frameworks @loader_path/Frameworks";
				PRODUCT_BUNDLE_IDENTIFIER = "Appar.HackNTU-demo-file-savingTests";
				PRODUCT_NAME = "$(TARGET_NAME)";
				SWIFT_VERSION = 3.0;
				TEST_HOST = "$(BUILT_PRODUCTS_DIR)/HackNTU_demo_file_saving.app/HackNTU_demo_file_saving";
			};
			name = Release;
		};
		E90C82AF1DDBE3BE00CC5B19 /* Debug */ = {
			isa = XCBuildConfiguration;
			buildSettings = {
				ALWAYS_EMBED_SWIFT_STANDARD_LIBRARIES = YES;
				DEVELOPMENT_TEAM = 22PA9WA89Q;
				INFOPLIST_FILE = HackNTU_demo_file_savingUITests/Info.plist;
				LD_RUNPATH_SEARCH_PATHS = "$(inherited) @executable_path/Frameworks @loader_path/Frameworks";
				PRODUCT_BUNDLE_IDENTIFIER = "Appar.HackNTU-demo-file-savingUITests";
				PRODUCT_NAME = "$(TARGET_NAME)";
				SWIFT_VERSION = 3.0;
				TEST_TARGET_NAME = HackNTU_demo_file_saving;
			};
			name = Debug;
		};
		E90C82B01DDBE3BE00CC5B19 /* Release */ = {
			isa = XCBuildConfiguration;
			buildSettings = {
				ALWAYS_EMBED_SWIFT_STANDARD_LIBRARIES = YES;
				DEVELOPMENT_TEAM = 22PA9WA89Q;
				INFOPLIST_FILE = HackNTU_demo_file_savingUITests/Info.plist;
				LD_RUNPATH_SEARCH_PATHS = "$(inherited) @executable_path/Frameworks @loader_path/Frameworks";
				PRODUCT_BUNDLE_IDENTIFIER = "Appar.HackNTU-demo-file-savingUITests";
				PRODUCT_NAME = "$(TARGET_NAME)";
				SWIFT_VERSION = 3.0;
				TEST_TARGET_NAME = HackNTU_demo_file_saving;
			};
			name = Release;
		};
/* End XCBuildConfiguration section */

/* Begin XCConfigurationList section */
		E90C827B1DDBE3BE00CC5B19 /* Build configuration list for PBXProject "HackNTU_demo_file_saving" */ = {
			isa = XCConfigurationList;
			buildConfigurations = (
				E90C82A61DDBE3BE00CC5B19 /* Debug */,
				E90C82A71DDBE3BE00CC5B19 /* Release */,
			);
			defaultConfigurationIsVisible = 0;
			defaultConfigurationName = Release;
		};
		E90C82A81DDBE3BE00CC5B19 /* Build configuration list for PBXNativeTarget "HackNTU_demo_file_saving" */ = {
			isa = XCConfigurationList;
			buildConfigurations = (
				E90C82A91DDBE3BE00CC5B19 /* Debug */,
				E90C82AA1DDBE3BE00CC5B19 /* Release */,
			);
			defaultConfigurationIsVisible = 0;
			defaultConfigurationName = Release;
		};
		E90C82AB1DDBE3BE00CC5B19 /* Build configuration list for PBXNativeTarget "HackNTU_demo_file_savingTests" */ = {
			isa = XCConfigurationList;
			buildConfigurations = (
				E90C82AC1DDBE3BE00CC5B19 /* Debug */,
				E90C82AD1DDBE3BE00CC5B19 /* Release */,
			);
			defaultConfigurationIsVisible = 0;
			defaultConfigurationName = Release;
		};
		E90C82AE1DDBE3BE00CC5B19 /* Build configuration list for PBXNativeTarget "HackNTU_demo_file_savingUITests" */ = {
			isa = XCConfigurationList;
			buildConfigurations = (
				E90C82AF1DDBE3BE00CC5B19 /* Debug */,
				E90C82B01DDBE3BE00CC5B19 /* Release */,
			);
			defaultConfigurationIsVisible = 0;
			defaultConfigurationName = Release;
		};
/* End XCConfigurationList section */
	};
	rootObject = E90C82781DDBE3BE00CC5B19 /* Project object */;
}
